dependencies:
  react: registry.npmjs.org/react/17.0.2
  react-dom: registry.npmjs.org/react-dom/17.0.2_react@17.0.2
  sass: registry.npmjs.org/sass/1.35.2
lockfileVersion: 5.2
packages:
  registry.npmjs.org/anymatch/3.1.2:
    dependencies:
      normalize-path: registry.npmjs.org/normalize-path/3.0.0
      picomatch: registry.npmjs.org/picomatch/2.3.0
    dev: false
    engines:
      node: '>= 8'
    name: anymatch
    resolution:
      integrity: sha512-P43ePfOAIupkguHUycrc4qJ9kz8ZiuOUijaETwX7THt0Y/GNK7v0aa8rY816xWjZ7rJdA5XdMcpVFTKMq+RvWg==
      registry: https://node.bit.dev/
      tarball: https://registry.npmjs.org/anymatch/-/anymatch-3.1.2.tgz
    version: 3.1.2
  registry.npmjs.org/binary-extensions/2.2.0:
    dev: false
    engines:
      node: '>=8'
    name: binary-extensions
    resolution:
      integrity: sha512-jDctJ/IVQbZoJykoeHbhXpOlNBqGNcwXJKJog42E5HDPUwQTSdjCHdihjj0DlnheQ7blbT6dHOafNAiS8ooQKA==
      registry: https://node.bit.dev/
      tarball: https://registry.npmjs.org/binary-extensions/-/binary-extensions-2.2.0.tgz
    version: 2.2.0
  registry.npmjs.org/braces/3.0.2:
    dependencies:
      fill-range: registry.npmjs.org/fill-range/7.0.1
    dev: false
    engines:
      node: '>=8'
    name: braces
    resolution:
      integrity: sha512-b8um+L1RzM3WDSzvhm6gIz1yfTbBt6YTlcEKAvsmqCZZFw46z626lVj9j1yEPW33H5H+lBQpZMP1k8l+78Ha0A==
      registry: https://node.bit.dev/
      tarball: https://registry.npmjs.org/braces/-/braces-3.0.2.tgz
    version: 3.0.2
  registry.npmjs.org/chokidar/3.5.2:
    dependencies:
      anymatch: registry.npmjs.org/anymatch/3.1.2
      braces: registry.npmjs.org/braces/3.0.2
      glob-parent: registry.npmjs.org/glob-parent/5.1.2
      is-binary-path: registry.npmjs.org/is-binary-path/2.1.0
      is-glob: registry.npmjs.org/is-glob/4.0.1
      normalize-path: registry.npmjs.org/normalize-path/3.0.0
      readdirp: registry.npmjs.org/readdirp/3.6.0
    dev: false
    engines:
      node: '>= 8.10.0'
    name: chokidar
    optionalDependencies:
      fsevents: registry.npmjs.org/fsevents/2.3.2
    resolution:
      integrity: sha512-ekGhOnNVPgT77r4K/U3GDhu+FQ2S8TnK/s2KbIGXi0SZWuwkZ2QNyfWdZW+TVfn84DpEP7rLeCt2UI6bJ8GwbQ==
      registry: https://node.bit.dev/
      tarball: https://registry.npmjs.org/chokidar/-/chokidar-3.5.2.tgz
    version: 3.5.2
  registry.npmjs.org/fill-range/7.0.1:
    dependencies:
      to-regex-range: registry.npmjs.org/to-regex-range/5.0.1
    dev: false
    engines:
      node: '>=8'
    name: fill-range
    resolution:
      integrity: sha512-qOo9F+dMUmC2Lcb4BbVvnKJxTPjCm+RRpe4gDuGrzkL7mEVl/djYSu2OdQ2Pa302N4oqkSg9ir6jaLWJ2USVpQ==
      registry: https://node.bit.dev/
      tarball: https://registry.npmjs.org/fill-range/-/fill-range-7.0.1.tgz
    version: 7.0.1
  registry.npmjs.org/fsevents/2.3.2:
    dev: false
    engines:
      node: ^8.16.0 || ^10.6.0 || >=11.0.0
    name: fsevents
    optional: true
    os:
      - darwin
    resolution:
      integrity: sha512-xiqMQR4xAeHTuB9uWm+fFRcIOgKBMiOBP+eXiyT7jsgVCq1bkVygt00oASowB7EdtpOHaaPgKt812P9ab+DDKA==
      registry: https://node.bit.dev/
      tarball: https://registry.npmjs.org/fsevents/-/fsevents-2.3.2.tgz
    version: 2.3.2
  registry.npmjs.org/glob-parent/5.1.2:
    dependencies:
      is-glob: registry.npmjs.org/is-glob/4.0.1
    dev: false
    engines:
      node: '>= 6'
    name: glob-parent
    resolution:
      integrity: sha512-AOIgSQCepiJYwP3ARnGx+5VnTu2HBYdzbGP45eLw1vr3zB3vZLeyed1sC9hnbcOc9/SrMyM5RPQrkGz4aS9Zow==
      registry: https://node.bit.dev/
      tarball: https://registry.npmjs.org/glob-parent/-/glob-parent-5.1.2.tgz
    version: 5.1.2
  registry.npmjs.org/is-binary-path/2.1.0:
    dependencies:
      binary-extensions: registry.npmjs.org/binary-extensions/2.2.0
    dev: false
    engines:
      node: '>=8'
    name: is-binary-path
    resolution:
      integrity: sha512-ZMERYes6pDydyuGidse7OsHxtbI7WVeUEozgR/g7rd0xUimYNlvZRE/K2MgZTjWy725IfelLeVcEM97mmtRGXw==
      registry: https://node.bit.dev/
      tarball: https://registry.npmjs.org/is-binary-path/-/is-binary-path-2.1.0.tgz
    version: 2.1.0
  registry.npmjs.org/is-extglob/2.1.1:
    dev: false
    engines:
      node: '>=0.10.0'
    name: is-extglob
    resolution:
      integrity: sha1-qIwCU1eR8C7TfHahueqXc8gz+MI=
      registry: https://node.bit.dev/
      tarball: https://registry.npmjs.org/is-extglob/-/is-extglob-2.1.1.tgz
    version: 2.1.1
  registry.npmjs.org/is-glob/4.0.1:
    dependencies:
      is-extglob: registry.npmjs.org/is-extglob/2.1.1
    dev: false
    engines:
      node: '>=0.10.0'
    name: is-glob
    resolution:
      integrity: sha512-5G0tKtBTFImOqDnLB2hG6Bp2qcKEFduo4tZu9MT/H6NQv/ghhy30o55ufafxJ/LdH79LLs2Kfrn85TLKyA7BUg==
      registry: https://node.bit.dev/
      tarball: https://registry.npmjs.org/is-glob/-/is-glob-4.0.1.tgz
    version: 4.0.1
  registry.npmjs.org/is-number/7.0.0:
    dev: false
    engines:
      node: '>=0.12.0'
    name: is-number
    resolution:
      integrity: sha512-41Cifkg6e8TylSpdtTpeLVMqvSBEVzTttHvERD741+pnZ8ANv0004MRL43QKPDlK9cGvNp6NZWZUBlbGXYxxng==
      registry: https://node.bit.dev/
      tarball: https://registry.npmjs.org/is-number/-/is-number-7.0.0.tgz
    version: 7.0.0
  registry.npmjs.org/js-tokens/4.0.0:
    dev: false
    name: js-tokens
    resolution:
      integrity: sha512-RdJUflcE3cUzKiMqQgsCu06FPu9UdIJO0beYbPhHN4k6apgJtifcoCtT9bcxOpYBtpD2kCM6Sbzg4CausW/PKQ==
      registry: https://node.bit.dev/
      tarball: https://registry.npmjs.org/js-tokens/-/js-tokens-4.0.0.tgz
    version: 4.0.0
  registry.npmjs.org/loose-envify/1.4.0:
    dependencies:
      js-tokens: registry.npmjs.org/js-tokens/4.0.0
    dev: false
    hasBin: true
    name: loose-envify
    resolution:
      integrity: sha512-lyuxPGr/Wfhrlem2CL/UcnUc1zcqKAImBDzukY7Y5F/yQiNdko6+fRLevlw1HgMySw7f611UIY408EtxRSoK3Q==
      registry: https://node.bit.dev/
      tarball: https://registry.npmjs.org/loose-envify/-/loose-envify-1.4.0.tgz
    version: 1.4.0
  registry.npmjs.org/normalize-path/3.0.0:
    dev: false
    engines:
      node: '>=0.10.0'
    name: normalize-path
    resolution:
      integrity: sha512-6eZs5Ls3WtCisHWp9S2GUy8dqkpGi4BVSz3GaqiE6ezub0512ESztXUwUB6C6IKbQkY2Pnb/mD4WYojCRwcwLA==
      registry: https://node.bit.dev/
      tarball: https://registry.npmjs.org/normalize-path/-/normalize-path-3.0.0.tgz
    version: 3.0.0
  registry.npmjs.org/object-assign/4.1.1:
    dev: false
    engines:
      node: '>=0.10.0'
    name: object-assign
    resolution:
      integrity: sha1-IQmtx5ZYh8/AXLvUQsrIv7s2CGM=
      registry: https://node.bit.dev/
      tarball: https://registry.npmjs.org/object-assign/-/object-assign-4.1.1.tgz
    version: 4.1.1
  registry.npmjs.org/picomatch/2.3.0:
    dev: false
    engines:
      node: '>=8.6'
    name: picomatch
    resolution:
      integrity: sha512-lY1Q/PiJGC2zOv/z391WOTD+Z02bCgsFfvxoXXf6h7kv9o+WmsmzYqrAwY63sNgOxE4xEdq0WyUnXfKeBrSvYw==
      registry: https://node.bit.dev/
      tarball: https://registry.npmjs.org/picomatch/-/picomatch-2.3.0.tgz
    version: 2.3.0
  registry.npmjs.org/react-dom/17.0.2_react@17.0.2:
    dependencies:
      loose-envify: registry.npmjs.org/loose-envify/1.4.0
      object-assign: registry.npmjs.org/object-assign/4.1.1
      react: registry.npmjs.org/react/17.0.2
      scheduler: registry.npmjs.org/scheduler/0.20.2
    dev: false
    id: registry.npmjs.org/react-dom/17.0.2
    name: react-dom
    peerDependencies:
      react: 17.0.2
    resolution:
      integrity: sha512-s4h96KtLDUQlsENhMn1ar8t2bEa+q/YAtj8pPPdIjPDGBDIVNsrD9aXNWqspUe6AzKCIG0C1HZZLqLV7qpOBGA==
      registry: https://node.bit.dev/
      tarball: https://registry.npmjs.org/react-dom/-/react-dom-17.0.2.tgz
    version: 17.0.2
  registry.npmjs.org/react/17.0.2:
    dependencies:
      loose-envify: registry.npmjs.org/loose-envify/1.4.0
      object-assign: registry.npmjs.org/object-assign/4.1.1
    dev: false
    engines:
      node: '>=0.10.0'
    name: react
    resolution:
      integrity: sha512-gnhPt75i/dq/z3/6q/0asP78D0u592D5L1pd7M8P+dck6Fu/jJeL6iVVK23fptSUZj8Vjf++7wXA8UNclGQcbA==
      registry: https://node.bit.dev/
      tarball: https://registry.npmjs.org/react/-/react-17.0.2.tgz
    version: 17.0.2
  registry.npmjs.org/readdirp/3.6.0:
    dependencies:
      picomatch: registry.npmjs.org/picomatch/2.3.0
    dev: false
    engines:
      node: '>=8.10.0'
    name: readdirp
    resolution:
      integrity: sha512-hOS089on8RduqdbhvQ5Z37A0ESjsqz6qnRcffsMU3495FuTdqSm+7bhJ29JvIOsBDEEnan5DPu9t3To9VRlMzA==
      registry: https://node.bit.dev/
      tarball: https://registry.npmjs.org/readdirp/-/readdirp-3.6.0.tgz
    version: 3.6.0
  registry.npmjs.org/sass/1.35.2:
    dependencies:
      chokidar: registry.npmjs.org/chokidar/3.5.2
    dev: false
    engines:
      node: '>=8.9.0'
    hasBin: true
    name: sass
    resolution:
      integrity: sha512-jhO5KAR+AMxCEwIH3v+4zbB2WB0z67V1X0jbapfVwQQdjHZUGUyukpnoM6+iCMfsIUC016w9OPKQ5jrNOS9uXw==
      registry: https://node.bit.dev/
      tarball: https://registry.npmjs.org/sass/-/sass-1.35.2.tgz
    version: 1.35.2
  registry.npmjs.org/scheduler/0.20.2:
    dependencies:
      loose-envify: registry.npmjs.org/loose-envify/1.4.0
      object-assign: registry.npmjs.org/object-assign/4.1.1
    dev: false
    name: scheduler
    resolution:
      integrity: sha512-2eWfGgAqqWFGqtdMmcL5zCMK1U8KlXv8SQFGglL3CEtd0aDVDWgeF/YoCmvln55m5zSk3J/20hTaSBeSObsQDQ==
      registry: https://node.bit.dev/
      tarball: https://registry.npmjs.org/scheduler/-/scheduler-0.20.2.tgz
    version: 0.20.2
  registry.npmjs.org/to-regex-range/5.0.1:
    dependencies:
      is-number: registry.npmjs.org/is-number/7.0.0
    dev: false
    engines:
      node: '>=8.0'
    name: to-regex-range
    resolution:
      integrity: sha512-65P7iz6X5yEr1cwcgvQxbbIw7Uk3gOy5dIdtZ4rDveLqhrdJP+Li/Hx6tyK0NEb+2GCyneCMJiGqrADCSNk8sQ==
      registry: https://node.bit.dev/
      tarball: https://registry.npmjs.org/to-regex-range/-/to-regex-range-5.0.1.tgz
    version: 5.0.1
specifiers:
  react: 17.0.2
  react-dom: 17.0.2
  sass: 1.35.2
